%{"bson": {:hex, :bson, "0.4.2"},
  "cowboy": {:hex, :cowboy, "1.0.0"},
  "cowlib": {:hex, :cowlib, "1.0.1"},
  "mongo": {:git, "git://github.com/checkiz/elixir-mongo.git", "e83763e78d4cd8404aa5303d16b2cd2d8d89ceb0", []},
  "mongodb": {:git, "git://github.com/mururu/mongodb-erlang.git", "4c640620bf2ab82d9be85d527a229cd6b60a4c02", []},
  "mongoex": {:git, "git://github.com/mururu/mongoex.git", "de58649150a408f6ac3a97fe9b14870173e4dc4a", []},
  "phoenix": {:hex, :phoenix, "0.9.0"},
  "plug": {:hex, :plug, "0.10.0"},
  "poison": {:hex, :poison, "1.3.1"},
  "ranch": {:hex, :ranch, "1.0.0"}}
